// !$*UTF8*$!
{
	archiveVersion = 1;
	classes = {
	};
	objectVersion = 50;
	objects = {

/* Begin PBXBuildFile section */
		D94BB0352196A3FC005A240A /* AppDelegate.swift in Sources */ = {isa = PBXBuildFile; fileRef = D94BB0342196A3FC005A240A /* AppDelegate.swift */; };
		D94BB0372196A3FC005A240A /* ViewController.swift in Sources */ = {isa = PBXBuildFile; fileRef = D94BB0362196A3FC005A240A /* ViewController.swift */; };
		D94BB03A2196A3FC005A240A /* Main.storyboard in Resources */ = {isa = PBXBuildFile; fileRef = D94BB0382196A3FC005A240A /* Main.storyboard */; };
		D94BB03C2196A3FD005A240A /* Assets.xcassets in Resources */ = {isa = PBXBuildFile; fileRef = D94BB03B2196A3FD005A240A /* Assets.xcassets */; };
		D94BB03F2196A3FD005A240A /* LaunchScreen.storyboard in Resources */ = {isa = PBXBuildFile; fileRef = D94BB03D2196A3FD005A240A /* LaunchScreen.storyboard */; };
		D94BB04D2196AD07005A240A /* mashup_gstTests.swift in Sources */ = {isa = PBXBuildFile; fileRef = D94BB04C2196AD07005A240A /* mashup_gstTests.swift */; };
/* End PBXBuildFile section */

/* Begin PBXContainerItemProxy section */
		D94BB04F2196AD07005A240A /* PBXContainerItemProxy */ = {
			isa = PBXContainerItemProxy;
			containerPortal = D94BB0292196A3FC005A240A /* Project object */;
			proxyType = 1;
			remoteGlobalIDString = D94BB0302196A3FC005A240A;
			remoteInfo = mashup_gst;
		};
/* End PBXContainerItemProxy section */

/* Begin PBXFileReference section */
		D94BB0312196A3FC005A240A /* mashup_gst.app */ = {isa = PBXFileReference; explicitFileType = wrapper.application; includeInIndex = 0; path = mashup_gst.app; sourceTree = BUILT_PRODUCTS_DIR; };
		D94BB0342196A3FC005A240A /* AppDelegate.swift */ = {isa = PBXFileReference; lastKnownFileType = sourcecode.swift; path = AppDelegate.swift; sourceTree = "<group>"; };
		D94BB0362196A3FC005A240A /* ViewController.swift */ = {isa = PBXFileReference; lastKnownFileType = sourcecode.swift; path = ViewController.swift; sourceTree = "<group>"; };
		D94BB0392196A3FC005A240A /* Base */ = {isa = PBXFileReference; lastKnownFileType = file.storyboard; name = Base; path = Base.lproj/Main.storyboard; sourceTree = "<group>"; };
		D94BB03B2196A3FD005A240A /* Assets.xcassets */ = {isa = PBXFileReference; lastKnownFileType = folder.assetcatalog; path = Assets.xcassets; sourceTree = "<group>"; };
		D94BB03E2196A3FD005A240A /* Base */ = {isa = PBXFileReference; lastKnownFileType = file.storyboard; name = Base; path = Base.lproj/LaunchScreen.storyboard; sourceTree = "<group>"; };
		D94BB0402196A3FD005A240A /* Info.plist */ = {isa = PBXFileReference; lastKnownFileType = text.plist.xml; path = Info.plist; sourceTree = "<group>"; };
		D94BB04A2196AD07005A240A /* mashup_gstTests.xctest */ = {isa = PBXFileReference; explicitFileType = wrapper.cfbundle; includeInIndex = 0; path = mashup_gstTests.xctest; sourceTree = BUILT_PRODUCTS_DIR; };
		D94BB04C2196AD07005A240A /* mashup_gstTests.swift */ = {isa = PBXFileReference; lastKnownFileType = sourcecode.swift; path = mashup_gstTests.swift; sourceTree = "<group>"; };
		D94BB04E2196AD07005A240A /* Info.plist */ = {isa = PBXFileReference; lastKnownFileType = text.plist.xml; path = Info.plist; sourceTree = "<group>"; };
/* End PBXFileReference section */

/* Begin PBXFrameworksBuildPhase section */
		D94BB02E2196A3FC005A240A /* Frameworks */ = {
			isa = PBXFrameworksBuildPhase;
			buildActionMask = 2147483647;
			files = (
			);
			runOnlyForDeploymentPostprocessing = 0;
		};
		D94BB0472196AD07005A240A /* Frameworks */ = {
			isa = PBXFrameworksBuildPhase;
			buildActionMask = 2147483647;
			files = (
			);
			runOnlyForDeploymentPostprocessing = 0;
		};
/* End PBXFrameworksBuildPhase section */

/* Begin PBXGroup section */
		D94BB0282196A3FC005A240A = {
			isa = PBXGroup;
			children = (
				D94BB0332196A3FC005A240A /* mashup_gst */,
				D94BB04B2196AD07005A240A /* mashup_gstTests */,
				D94BB0322196A3FC005A240A /* Products */,
			);
			sourceTree = "<group>";
		};
		D94BB0322196A3FC005A240A /* Products */ = {
			isa = PBXGroup;
			children = (
				D94BB0312196A3FC005A240A /* mashup_gst.app */,
				D94BB04A2196AD07005A240A /* mashup_gstTests.xctest */,
			);
			name = Products;
			sourceTree = "<group>";
		};
		D94BB0332196A3FC005A240A /* mashup_gst */ = {
			isa = PBXGroup;
			children = (
				D94BB0342196A3FC005A240A /* AppDelegate.swift */,
				D94BB0362196A3FC005A240A /* ViewController.swift */,
				D94BB0382196A3FC005A240A /* Main.storyboard */,
				D94BB03B2196A3FD005A240A /* Assets.xcassets */,
				D94BB03D2196A3FD005A240A /* LaunchScreen.storyboard */,
				D94BB0402196A3FD005A240A /* Info.plist */,
			);
			path = mashup_gst;
			sourceTree = "<group>";
		};
		D94BB04B2196AD07005A240A /* mashup_gstTests */ = {
			isa = PBXGroup;
			children = (
				D94BB04C2196AD07005A240A /* mashup_gstTests.swift */,
				D94BB04E2196AD07005A240A /* Info.plist */,
			);
			path = mashup_gstTests;
			sourceTree = "<group>";
		};
/* End PBXGroup section */

/* Begin PBXNativeTarget section */
		D94BB0302196A3FC005A240A /* mashup_gst */ = {
			isa = PBXNativeTarget;
			buildConfigurationList = D94BB0432196A3FD005A240A /* Build configuration list for PBXNativeTarget "mashup_gst" */;
			buildPhases = (
				D94BB02D2196A3FC005A240A /* Sources */,
				D94BB02E2196A3FC005A240A /* Frameworks */,
				D94BB02F2196A3FC005A240A /* Resources */,
			);
			buildRules = (
			);
			dependencies = (
			);
			name = mashup_gst;
			productName = mashup_gst;
			productReference = D94BB0312196A3FC005A240A /* mashup_gst.app */;
			productType = "com.apple.product-type.application";
		};
		D94BB0492196AD07005A240A /* mashup_gstTests */ = {
			isa = PBXNativeTarget;
			buildConfigurationList = D94BB0512196AD07005A240A /* Build configuration list for PBXNativeTarget "mashup_gstTests" */;
			buildPhases = (
				D94BB0462196AD07005A240A /* Sources */,
				D94BB0472196AD07005A240A /* Frameworks */,
				D94BB0482196AD07005A240A /* Resources */,
			);
			buildRules = (
			);
			dependencies = (
				D94BB0502196AD07005A240A /* PBXTargetDependency */,
			);
			name = mashup_gstTests;
			productName = mashup_gstTests;
			productReference = D94BB04A2196AD07005A240A /* mashup_gstTests.xctest */;
			productType = "com.apple.product-type.bundle.unit-test";
		};
/* End PBXNativeTarget section */

/* Begin PBXProject section */
		D94BB0292196A3FC005A240A /* Project object */ = {
			isa = PBXProject;
			attributes = {
				LastSwiftUpdateCheck = 1010;
				LastUpgradeCheck = 1010;
				ORGANIZATIONNAME = onemoon;
				TargetAttributes = {
					D94BB0302196A3FC005A240A = {
						CreatedOnToolsVersion = 10.1;
					};
					D94BB0492196AD07005A240A = {
						CreatedOnToolsVersion = 10.1;
						TestTargetID = D94BB0302196A3FC005A240A;
					};
				};
			};
			buildConfigurationList = D94BB02C2196A3FC005A240A /* Build configuration list for PBXProject "mashup_gst" */;
			compatibilityVersion = "Xcode 9.3";
			developmentRegion = en;
			hasScannedForEncodings = 0;
			knownRegions = (
				en,
				Base,
			);
			mainGroup = D94BB0282196A3FC005A240A;
			productRefGroup = D94BB0322196A3FC005A240A /* Products */;
			projectDirPath = "";
			projectRoot = "";
			targets = (
				D94BB0302196A3FC005A240A /* mashup_gst */,
				D94BB0492196AD07005A240A /* mashup_gstTests */,
			);
		};
/* End PBXProject section */

/* Begin PBXResourcesBuildPhase section */
		D94BB02F2196A3FC005A240A /* Resources */ = {
			isa = PBXResourcesBuildPhase;
			buildActionMask = 2147483647;
			files = (
				D94BB03F2196A3FD005A240A /* LaunchScreen.storyboard in Resources */,
				D94BB03C2196A3FD005A240A /* Assets.xcassets in Resources */,
				D94BB03A2196A3FC005A240A /* Main.storyboard in Resources */,
			);
			runOnlyForDeploymentPostprocessing = 0;
		};
		D94BB0482196AD07005A240A /* Resources */ = {
			isa = PBXResourcesBuildPhase;
			buildActionMask = 2147483647;
			files = (
			);
			runOnlyForDeploymentPostprocessing = 0;
		};
/* End PBXResourcesBuildPhase section */

/* Begin PBXSourcesBuildPhase section */
		D94BB02D2196A3FC005A240A /* Sources */ = {
			isa = PBXSourcesBuildPhase;
			buildActionMask = 2147483647;
			files = (
				D94BB0372196A3FC005A240A /* ViewController.swift in Sources */,
				D94BB0352196A3FC005A240A /* AppDelegate.swift in Sources */,
			);
			runOnlyForDeploymentPostprocessing = 0;
		};
		D94BB0462196AD07005A240A /* Sources */ = {
			isa = PBXSourcesBuildPhase;
			buildActionMask = 2147483647;
			files = (
				D94BB04D2196AD07005A240A /* mashup_gstTests.swift in Sources */,
			);
			runOnlyForDeploymentPostprocessing = 0;
		};
/* End PBXSourcesBuildPhase section */

/* Begin PBXTargetDependency section */
		D94BB0502196AD07005A240A /* PBXTargetDependency */ = {
			isa = PBXTargetDependency;
			target = D94BB0302196A3FC005A240A /* mashup_gst */;
			targetProxy = D94BB04F2196AD07005A240A /* PBXContainerItemProxy */;
		};
/* End PBXTargetDependency section */

/* Begin PBXVariantGroup section */
		D94BB0382196A3FC005A240A /* Main.storyboard */ = {
			isa = PBXVariantGroup;
			children = (
				D94BB0392196A3FC005A240A /* Base */,
			);
			name = Main.storyboard;
			sourceTree = "<group>";
		};
		D94BB03D2196A3FD005A240A /* LaunchScreen.storyboard */ = {
			isa = PBXVariantGroup;
			children = (
				D94BB03E2196A3FD005A240A /* Base */,
			);
			name = LaunchScreen.storyboard;
			sourceTree = "<group>";
		};
/* End PBXVariantGroup section */

/* Begin XCBuildConfiguration section */
		D94BB0412196A3FD005A240A /* Debug */ = {
			isa = XCBuildConfiguration;
			buildSettings = {
				ALWAYS_SEARCH_USER_PATHS = NO;
				CLANG_ANALYZER_NONNULL = YES;
				CLANG_ANALYZER_NUMBER_OBJECT_CONVERSION = YES_AGGRESSIVE;
				CLANG_CXX_LANGUAGE_STANDARD = "gnu++14";
				CLANG_CXX_LIBRARY = "libc++";
				CLANG_ENABLE_MODULES = YES;
				CLANG_ENABLE_OBJC_ARC = YES;
				CLANG_ENABLE_OBJC_WEAK = YES;
				CLANG_WARN_BLOCK_CAPTURE_AUTORELEASING = YES;
				CLANG_WARN_BOOL_CONVERSION = YES;
				CLANG_WARN_COMMA = YES;
				CLANG_WARN_CONSTANT_CONVERSION = YES;
				CLANG_WARN_DEPRECATED_OBJC_IMPLEMENTATIONS = YES;
				CLANG_WARN_DIRECT_OBJC_ISA_USAGE = YES_ERROR;
				CLANG_WARN_DOCUMENTATION_COMMENTS = YES;
				CLANG_WARN_EMPTY_BODY = YES;
				CLANG_WARN_ENUM_CONVERSION = YES;
				CLANG_WARN_INFINITE_RECURSION = YES;
				CLANG_WARN_INT_CONVERSION = YES;
				CLANG_WARN_NON_LITERAL_NULL_CONVERSION = YES;
				CLANG_WARN_OBJC_IMPLICIT_RETAIN_SELF = YES;
				CLANG_WARN_OBJC_LITERAL_CONVERSION = YES;
				CLANG_WARN_OBJC_ROOT_CLASS = YES_ERROR;
				CLANG_WARN_RANGE_LOOP_ANALYSIS = YES;
				CLANG_WARN_STRICT_PROTOTYPES = YES;
				CLANG_WARN_SUSPICIOUS_MOVE = YES;
				CLANG_WARN_UNGUARDED_AVAILABILITY = YES_AGGRESSIVE;
				CLANG_WARN_UNREACHABLE_CODE = YES;
				CLANG_WARN__DUPLICATE_METHOD_MATCH = YES;
				CODE_SIGN_IDENTITY = "iPhone Developer";
				COPY_PHASE_STRIP = NO;
				DEBUG_INFORMATION_FORMAT = dwarf;
				ENABLE_STRICT_OBJC_MSGSEND = YES;
				ENABLE_TESTABILITY = YES;
				GCC_C_LANGUAGE_STANDARD = gnu11;
				GCC_DYNAMIC_NO_PIC = NO;
				GCC_NO_COMMON_BLOCKS = YES;
				GCC_OPTIMIZATION_LEVEL = 0;
				GCC_PREPROCESSOR_DEFINITIONS = (
					"DEBUG=1",
					"$(inherited)",
				);
				GCC_WARN_64_TO_32_BIT_CONVERSION = YES;
				GCC_WARN_ABOUT_RETURN_TYPE = YES_ERROR;
				GCC_WARN_UNDECLARED_SELECTOR = YES;
				GCC_WARN_UNINITIALIZED_AUTOS = YES_AGGRESSIVE;
				GCC_WARN_UNUSED_FUNCTION = YES;
				GCC_WARN_UNUSED_VARIABLE = YES;
				IPHONEOS_DEPLOYMENT_TARGET = 12.1;
				MTL_ENABLE_DEBUG_INFO = INCLUDE_SOURCE;
				MTL_FAST_MATH = YES;
				ONLY_ACTIVE_ARCH = YES;
				SDKROOT = iphoneos;
				SWIFT_ACTIVE_COMPILATION_CONDITIONS = DEBUG;
				SWIFT_OPTIMIZATION_LEVEL = "-Onone";
			};
			name = Debug;
		};
		D94BB0422196A3FD005A240A /* Release */ = {
			isa = XCBuildConfiguration;
			buildSettings = {
				ALWAYS_SEARCH_USER_PATHS = NO;
				CLANG_ANALYZER_NONNULL = YES;
				CLANG_ANALYZER_NUMBER_OBJECT_CONVERSION = YES_AGGRESSIVE;
				CLANG_CXX_LANGUAGE_STANDARD = "gnu++14";
				CLANG_CXX_LIBRARY = "libc++";
				CLANG_ENABLE_MODULES = YES;
				CLANG_ENABLE_OBJC_ARC = YES;
				CLANG_ENABLE_OBJC_WEAK = YES;
				CLANG_WARN_BLOCK_CAPTURE_AUTORELEASING = YES;
				CLANG_WARN_BOOL_CONVERSION = YES;
				CLANG_WARN_COMMA = YES;
				CLANG_WARN_CONSTANT_CONVERSION = YES;
				CLANG_WARN_DEPRECATED_OBJC_IMPLEMENTATIONS = YES;
				CLANG_WARN_DIRECT_OBJC_ISA_USAGE = YES_ERROR;
				CLANG_WARN_DOCUMENTATION_COMMENTS = YES;
				CLANG_WARN_EMPTY_BODY = YES;
				CLANG_WARN_ENUM_CONVERSION = YES;
				CLANG_WARN_INFINITE_RECURSION = YES;
				CLANG_WARN_INT_CONVERSION = YES;
				CLANG_WARN_NON_LITERAL_NULL_CONVERSION = YES;
				CLANG_WARN_OBJC_IMPLICIT_RETAIN_SELF = YES;
				CLANG_WARN_OBJC_LITERAL_CONVERSION = YES;
				CLANG_WARN_OBJC_ROOT_CLASS = YES_ERROR;
				CLANG_WARN_RANGE_LOOP_ANALYSIS = YES;
				CLANG_WARN_STRICT_PROTOTYPES = YES;
				CLANG_WARN_SUSPICIOUS_MOVE = YES;
				CLANG_WARN_UNGUARDED_AVAILABILITY = YES_AGGRESSIVE;
				CLANG_WARN_UNREACHABLE_CODE = YES;
				CLANG_WARN__DUPLICATE_METHOD_MATCH = YES;
				CODE_SIGN_IDENTITY = "iPhone Developer";
				COPY_PHASE_STRIP = NO;
				DEBUG_INFORMATION_FORMAT = "dwarf-with-dsym";
				ENABLE_NS_ASSERTIONS = NO;
				ENABLE_STRICT_OBJC_MSGSEND = YES;
				GCC_C_LANGUAGE_STANDARD = gnu11;
				GCC_NO_COMMON_BLOCKS = YES;
				GCC_WARN_64_TO_32_BIT_CONVERSION = YES;
				GCC_WARN_ABOUT_RETURN_TYPE = YES_ERROR;
				GCC_WARN_UNDECLARED_SELECTOR = YES;
				GCC_WARN_UNINITIALIZED_AUTOS = YES_AGGRESSIVE;
				GCC_WARN_UNUSED_FUNCTION = YES;
				GCC_WARN_UNUSED_VARIABLE = YES;
				IPHONEOS_DEPLOYMENT_TARGET = 12.1;
				MTL_ENABLE_DEBUG_INFO = NO;
				MTL_FAST_MATH = YES;
				SDKROOT = iphoneos;
				SWIFT_COMPILATION_MODE = wholemodule;
				SWIFT_OPTIMIZATION_LEVEL = "-O";
				VALIDATE_PRODUCT = YES;
			};
			name = Release;
		};
		D94BB0442196A3FD005A240A /* Debug */ = {
			isa = XCBuildConfiguration;
			buildSettings = {
				ASSETCATALOG_COMPILER_APPICON_NAME = AppIcon;
				CODE_SIGN_STYLE = Automatic;
				INFOPLIST_FILE = mashup_gst/Info.plist;
				LD_RUNPATH_SEARCH_PATHS = (
					"$(inherited)",
					"@executable_path/Frameworks",
				);
				PRODUCT_BUNDLE_IDENTIFIER = "com.example.mashup-gst";
				PRODUCT_NAME = "$(TARGET_NAME)";
				SWIFT_VERSION = 4.2;
				TARGETED_DEVICE_FAMILY = "1,2";
			};
			name = Debug;
		};
		D94BB0452196A3FD005A240A /* Release */ = {
			isa = XCBuildConfiguration;
			buildSettings = {
				ASSETCATALOG_COMPILER_APPICON_NAME = AppIcon;
				CODE_SIGN_STYLE = Automatic;
				INFOPLIST_FILE = mashup_gst/Info.plist;
				LD_RUNPATH_SEARCH_PATHS = (
					"$(inherited)",
					"@executable_path/Frameworks",
				);
				PRODUCT_BUNDLE_IDENTIFIER = "com.example.mashup-gst";
				PRODUCT_NAME = "$(TARGET_NAME)";
				SWIFT_VERSION = 4.2;
				TARGETED_DEVICE_FAMILY = "1,2";
			};
			name = Release;
		};
		D94BB0522196AD07005A240A /* Debug */ = {
			isa = XCBuildConfiguration;
			buildSettings = {
				BUNDLE_LOADER = "$(TEST_HOST)";
				CODE_SIGN_STYLE = Automatic;
				INFOPLIST_FILE = mashup_gstTests/Info.plist;
				LD_RUNPATH_SEARCH_PATHS = (
					"$(inherited)",
					"@executable_path/Frameworks",
					"@loader_path/Frameworks",
				);
				PRODUCT_BUNDLE_IDENTIFIER = "com.example.mashup-gstTests";
				PRODUCT_NAME = "$(TARGET_NAME)";
				SWIFT_VERSION = 4.2;
				TARGETED_DEVICE_FAMILY = "1,2";
				TEST_HOST = "$(BUILT_PRODUCTS_DIR)/mashup_gst.app/mashup_gst";
			};
			name = Debug;
		};
		D94BB0532196AD07005A240A /* Release */ = {
			isa = XCBuildConfiguration;
			buildSettings = {
				BUNDLE_LOADER = "$(TEST_HOST)";
				CODE_SIGN_STYLE = Automatic;
				INFOPLIST_FILE = mashup_gstTests/Info.plist;
				LD_RUNPATH_SEARCH_PATHS = (
					"$(inherited)",
					"@executable_path/Frameworks",
					"@loader_path/Frameworks",
				);
				PRODUCT_BUNDLE_IDENTIFIER = "com.example.mashup-gstTests";
				PRODUCT_NAME = "$(TARGET_NAME)";
				SWIFT_VERSION = 4.2;
				TARGETED_DEVICE_FAMILY = "1,2";
				TEST_HOST = "$(BUILT_PRODUCTS_DIR)/mashup_gst.app/mashup_gst";
			};
			name = Release;
		};
/* End XCBuildConfiguration section */

/* Begin XCConfigurationList section */
		D94BB02C2196A3FC005A240A /* Build configuration list for PBXProject "mashup_gst" */ = {
			isa = XCConfigurationList;
			buildConfigurations = (
				D94BB0412196A3FD005A240A /* Debug */,
				D94BB0422196A3FD005A240A /* Release */,
			);
			defaultConfigurationIsVisible = 0;
			defaultConfigurationName = Release;
		};
		D94BB0432196A3FD005A240A /* Build configuration list for PBXNativeTarget "mashup_gst" */ = {
			isa = XCConfigurationList;
			buildConfigurations = (
				D94BB0442196A3FD005A240A /* Debug */,
				D94BB0452196A3FD005A240A /* Release */,
			);
			defaultConfigurationIsVisible = 0;
			defaultConfigurationName = Release;
		};
		D94BB0512196AD07005A240A /* Build configuration list for PBXNativeTarget "mashup_gstTests" */ = {
			isa = XCConfigurationList;
			buildConfigurations = (
				D94BB0522196AD07005A240A /* Debug */,
				D94BB0532196AD07005A240A /* Release */,
			);
			defaultConfigurationIsVisible = 0;
			defaultConfigurationName = Release;
		};
/* End XCConfigurationList section */
	};
	rootObject = D94BB0292196A3FC005A240A /* Project object */;
}
