// !$*UTF8*$!
{
	archiveVersion = 1;
	classes = {
	};
	objectVersion = 50;
	objects = {

/* Begin PBXBuildFile section */
		C9C36A20E6E524AF56315771 /* Pods_mashup_ev.framework in Frameworks */ = {isa = PBXBuildFile; fileRef = 3300125A4AD37FD45CC338EB /* Pods_mashup_ev.framework */; };
		D94BB0612196B6EA005A240A /* AppDelegate.swift in Sources */ = {isa = PBXBuildFile; fileRef = D94BB0602196B6EA005A240A /* AppDelegate.swift */; };
		D94BB0632196B6EA005A240A /* ViewController.swift in Sources */ = {isa = PBXBuildFile; fileRef = D94BB0622196B6EA005A240A /* ViewController.swift */; };
		D94BB0662196B6EA005A240A /* Main.storyboard in Resources */ = {isa = PBXBuildFile; fileRef = D94BB0642196B6EA005A240A /* Main.storyboard */; };
		D94BB0682196B6EB005A240A /* Assets.xcassets in Resources */ = {isa = PBXBuildFile; fileRef = D94BB0672196B6EB005A240A /* Assets.xcassets */; };
		D94BB06B2196B6EB005A240A /* LaunchScreen.storyboard in Resources */ = {isa = PBXBuildFile; fileRef = D94BB0692196B6EB005A240A /* LaunchScreen.storyboard */; };
/* End PBXBuildFile section */

/* Begin PBXCopyFilesBuildPhase section */
		D91496702196C4DF00D599BF /* CopyFiles */ = {
			isa = PBXCopyFilesBuildPhase;
			buildActionMask = 2147483647;
			dstPath = "";
			dstSubfolderSpec = 7;
			files = (
			);
			runOnlyForDeploymentPostprocessing = 0;
		};
/* End PBXCopyFilesBuildPhase section */

/* Begin PBXFileReference section */
		187778953E5BEED1AD54630D /* Pods-mashup_ev.release.xcconfig */ = {isa = PBXFileReference; includeInIndex = 1; lastKnownFileType = text.xcconfig; name = "Pods-mashup_ev.release.xcconfig"; path = "Pods/Target Support Files/Pods-mashup_ev/Pods-mashup_ev.release.xcconfig"; sourceTree = "<group>"; };
		3300125A4AD37FD45CC338EB /* Pods_mashup_ev.framework */ = {isa = PBXFileReference; explicitFileType = wrapper.framework; includeInIndex = 0; path = Pods_mashup_ev.framework; sourceTree = BUILT_PRODUCTS_DIR; };
		C863AB7167A7E9F5E8A2D180 /* Pods-mashup_ev.debug.xcconfig */ = {isa = PBXFileReference; includeInIndex = 1; lastKnownFileType = text.xcconfig; name = "Pods-mashup_ev.debug.xcconfig"; path = "Pods/Target Support Files/Pods-mashup_ev/Pods-mashup_ev.debug.xcconfig"; sourceTree = "<group>"; };
		D94BB05D2196B6EA005A240A /* mashup_ev.app */ = {isa = PBXFileReference; explicitFileType = wrapper.application; includeInIndex = 0; path = mashup_ev.app; sourceTree = BUILT_PRODUCTS_DIR; };
		D94BB0602196B6EA005A240A /* AppDelegate.swift */ = {isa = PBXFileReference; lastKnownFileType = sourcecode.swift; path = AppDelegate.swift; sourceTree = "<group>"; };
		D94BB0622196B6EA005A240A /* ViewController.swift */ = {isa = PBXFileReference; lastKnownFileType = sourcecode.swift; path = ViewController.swift; sourceTree = "<group>"; };
		D94BB0652196B6EA005A240A /* Base */ = {isa = PBXFileReference; lastKnownFileType = file.storyboard; name = Base; path = Base.lproj/Main.storyboard; sourceTree = "<group>"; };
		D94BB0672196B6EB005A240A /* Assets.xcassets */ = {isa = PBXFileReference; lastKnownFileType = folder.assetcatalog; path = Assets.xcassets; sourceTree = "<group>"; };
		D94BB06A2196B6EB005A240A /* Base */ = {isa = PBXFileReference; lastKnownFileType = file.storyboard; name = Base; path = Base.lproj/LaunchScreen.storyboard; sourceTree = "<group>"; };
		D94BB06C2196B6EB005A240A /* Info.plist */ = {isa = PBXFileReference; lastKnownFileType = text.plist.xml; path = Info.plist; sourceTree = "<group>"; };
/* End PBXFileReference section */

/* Begin PBXFrameworksBuildPhase section */
		D94BB05A2196B6EA005A240A /* Frameworks */ = {
			isa = PBXFrameworksBuildPhase;
			buildActionMask = 2147483647;
			files = (
				C9C36A20E6E524AF56315771 /* Pods_mashup_ev.framework in Frameworks */,
			);
			runOnlyForDeploymentPostprocessing = 0;
		};
/* End PBXFrameworksBuildPhase section */

/* Begin PBXGroup section */
		26013AFEC843720279746BA9 /* Pods */ = {
			isa = PBXGroup;
			children = (
				C863AB7167A7E9F5E8A2D180 /* Pods-mashup_ev.debug.xcconfig */,
				187778953E5BEED1AD54630D /* Pods-mashup_ev.release.xcconfig */,
			);
			name = Pods;
			sourceTree = "<group>";
		};
		4F6A1B74F491875A7E442BC2 /* Frameworks */ = {
			isa = PBXGroup;
			children = (
				3300125A4AD37FD45CC338EB /* Pods_mashup_ev.framework */,
			);
			name = Frameworks;
			sourceTree = "<group>";
		};
		D94BB0542196B6EA005A240A = {
			isa = PBXGroup;
			children = (
				D94BB05F2196B6EA005A240A /* mashup_ev */,
				D94BB05E2196B6EA005A240A /* Products */,
				26013AFEC843720279746BA9 /* Pods */,
				4F6A1B74F491875A7E442BC2 /* Frameworks */,
			);
			sourceTree = "<group>";
		};
		D94BB05E2196B6EA005A240A /* Products */ = {
			isa = PBXGroup;
			children = (
				D94BB05D2196B6EA005A240A /* mashup_ev.app */,
			);
			name = Products;
			sourceTree = "<group>";
		};
		D94BB05F2196B6EA005A240A /* mashup_ev */ = {
			isa = PBXGroup;
			children = (
				D94BB0602196B6EA005A240A /* AppDelegate.swift */,
				D94BB0622196B6EA005A240A /* ViewController.swift */,
				D94BB0642196B6EA005A240A /* Main.storyboard */,
				D94BB0672196B6EB005A240A /* Assets.xcassets */,
				D94BB0692196B6EB005A240A /* LaunchScreen.storyboard */,
				D94BB06C2196B6EB005A240A /* Info.plist */,
			);
			path = mashup_ev;
			sourceTree = "<group>";
		};
/* End PBXGroup section */

/* Begin PBXNativeTarget section */
		D94BB05C2196B6EA005A240A /* mashup_ev */ = {
			isa = PBXNativeTarget;
			buildConfigurationList = D94BB06F2196B6EB005A240A /* Build configuration list for PBXNativeTarget "mashup_ev" */;
			buildPhases = (
				304B3568C26F65B4E70CA744 /* [CP] Check Pods Manifest.lock */,
				D91496712196C4EA00D599BF /* Swiftlint autocorrect */,
				D914966F2196C38100D599BF /* Swift Lint */,
				D94BB0592196B6EA005A240A /* Sources */,
				D94BB05A2196B6EA005A240A /* Frameworks */,
				D94BB05B2196B6EA005A240A /* Resources */,
				CB02E586ABE0F02331688311 /* [CP] Embed Pods Frameworks */,
				D91496702196C4DF00D599BF /* CopyFiles */,
			);
			buildRules = (
			);
			dependencies = (
			);
			name = mashup_ev;
			productName = mashup_ev;
			productReference = D94BB05D2196B6EA005A240A /* mashup_ev.app */;
			productType = "com.apple.product-type.application";
		};
/* End PBXNativeTarget section */

/* Begin PBXProject section */
		D94BB0552196B6EA005A240A /* Project object */ = {
			isa = PBXProject;
			attributes = {
				LastSwiftUpdateCheck = 1010;
				LastUpgradeCheck = 1010;
				ORGANIZATIONNAME = onemoon;
				TargetAttributes = {
					D94BB05C2196B6EA005A240A = {
						CreatedOnToolsVersion = 10.1;
					};
				};
			};
			buildConfigurationList = D94BB0582196B6EA005A240A /* Build configuration list for PBXProject "mashup_ev" */;
			compatibilityVersion = "Xcode 9.3";
			developmentRegion = en;
			hasScannedForEncodings = 0;
			knownRegions = (
				en,
				Base,
			);
			mainGroup = D94BB0542196B6EA005A240A;
			productRefGroup = D94BB05E2196B6EA005A240A /* Products */;
			projectDirPath = "";
			projectRoot = "";
			targets = (
				D94BB05C2196B6EA005A240A /* mashup_ev */,
			);
		};
/* End PBXProject section */

/* Begin PBXResourcesBuildPhase section */
		D94BB05B2196B6EA005A240A /* Resources */ = {
			isa = PBXResourcesBuildPhase;
			buildActionMask = 2147483647;
			files = (
				D94BB06B2196B6EB005A240A /* LaunchScreen.storyboard in Resources */,
				D94BB0682196B6EB005A240A /* Assets.xcassets in Resources */,
				D94BB0662196B6EA005A240A /* Main.storyboard in Resources */,
			);
			runOnlyForDeploymentPostprocessing = 0;
		};
/* End PBXResourcesBuildPhase section */

/* Begin PBXShellScriptBuildPhase section */
		304B3568C26F65B4E70CA744 /* [CP] Check Pods Manifest.lock */ = {
			isa = PBXShellScriptBuildPhase;
			buildActionMask = 2147483647;
			files = (
			);
			inputFileListPaths = (
			);
			inputPaths = (
				"${PODS_PODFILE_DIR_PATH}/Podfile.lock",
				"${PODS_ROOT}/Manifest.lock",
			);
			name = "[CP] Check Pods Manifest.lock";
			outputFileListPaths = (
			);
			outputPaths = (
				"$(DERIVED_FILE_DIR)/Pods-mashup_ev-checkManifestLockResult.txt",
			);
			runOnlyForDeploymentPostprocessing = 0;
			shellPath = /bin/sh;
			shellScript = "diff \"${PODS_PODFILE_DIR_PATH}/Podfile.lock\" \"${PODS_ROOT}/Manifest.lock\" > /dev/null\nif [ $? != 0 ] ; then\n    # print error to STDERR\n    echo \"error: The sandbox is not in sync with the Podfile.lock. Run 'pod install' or update your CocoaPods installation.\" >&2\n    exit 1\nfi\n# This output is used by Xcode 'outputs' to avoid re-running this script phase.\necho \"SUCCESS\" > \"${SCRIPT_OUTPUT_FILE_0}\"\n";
			showEnvVarsInLog = 0;
		};
		CB02E586ABE0F02331688311 /* [CP] Embed Pods Frameworks */ = {
			isa = PBXShellScriptBuildPhase;
			buildActionMask = 2147483647;
			files = (
			);
			inputFileListPaths = (
			);
			inputPaths = (
				"${SRCROOT}/Pods/Target Support Files/Pods-mashup_ev/Pods-mashup_ev-frameworks.sh",
				"${BUILT_PRODUCTS_DIR}/SnapKit/SnapKit.framework",
			);
			name = "[CP] Embed Pods Frameworks";
			outputFileListPaths = (
			);
			outputPaths = (
				"${TARGET_BUILD_DIR}/${FRAMEWORKS_FOLDER_PATH}/SnapKit.framework",
			);
			runOnlyForDeploymentPostprocessing = 0;
			shellPath = /bin/sh;
			shellScript = "\"${SRCROOT}/Pods/Target Support Files/Pods-mashup_ev/Pods-mashup_ev-frameworks.sh\"\n";
			showEnvVarsInLog = 0;
		};
		D914966F2196C38100D599BF /* Swift Lint */ = {
			isa = PBXShellScriptBuildPhase;
			buildActionMask = 12;
			files = (
			);
			inputFileListPaths = (
			);
			inputPaths = (
			);
			name = "Swift Lint";
			outputFileListPaths = (
			);
			outputPaths = (
			);
			runOnlyForDeploymentPostprocessing = 0;
			shellPath = /bin/sh;
			shellScript = "if which swiftlint >/dev/null; then\nswiftlint\nelse\necho \"warning: SwiftLint not installed, download from https://github.com/realm/SwiftLint\"\nfi\n";
		};
		D91496712196C4EA00D599BF /* Swiftlint autocorrect */ = {
			isa = PBXShellScriptBuildPhase;
			buildActionMask = 2147483647;
			files = (
			);
			inputFileListPaths = (
			);
			inputPaths = (
			);
			name = "Swiftlint autocorrect";
			outputFileListPaths = (
			);
			outputPaths = (
			);
			runOnlyForDeploymentPostprocessing = 0;
			shellPath = /bin/sh;
			shellScript = "if which swiftlint >/dev/null; then\nswiftlint\nelse\necho \"warning: SwiftLint not installed, download from https://github.com/realm/SwiftLint\"\nfi\n";
		};
/* End PBXShellScriptBuildPhase section */

/* Begin PBXSourcesBuildPhase section */
		D94BB0592196B6EA005A240A /* Sources */ = {
			isa = PBXSourcesBuildPhase;
			buildActionMask = 2147483647;
			files = (
				D94BB0632196B6EA005A240A /* ViewController.swift in Sources */,
				D94BB0612196B6EA005A240A /* AppDelegate.swift in Sources */,
			);
			runOnlyForDeploymentPostprocessing = 0;
		};
/* End PBXSourcesBuildPhase section */

/* Begin PBXVariantGroup section */
		D94BB0642196B6EA005A240A /* Main.storyboard */ = {
			isa = PBXVariantGroup;
			children = (
				D94BB0652196B6EA005A240A /* Base */,
			);
			name = Main.storyboard;
			sourceTree = "<group>";
		};
		D94BB0692196B6EB005A240A /* LaunchScreen.storyboard */ = {
			isa = PBXVariantGroup;
			children = (
				D94BB06A2196B6EB005A240A /* Base */,
			);
			name = LaunchScreen.storyboard;
			sourceTree = "<group>";
		};
/* End PBXVariantGroup section */

/* Begin XCBuildConfiguration section */
		D94BB06D2196B6EB005A240A /* Debug */ = {
			isa = XCBuildConfiguration;
			buildSettings = {
				ALWAYS_SEARCH_USER_PATHS = NO;
				CLANG_ANALYZER_NONNULL = YES;
				CLANG_ANALYZER_NUMBER_OBJECT_CONVERSION = YES_AGGRESSIVE;
				CLANG_CXX_LANGUAGE_STANDARD = "gnu++14";
				CLANG_CXX_LIBRARY = "libc++";
				CLANG_ENABLE_MODULES = YES;
				CLANG_ENABLE_OBJC_ARC = YES;
				CLANG_ENABLE_OBJC_WEAK = YES;
				CLANG_WARN_BLOCK_CAPTURE_AUTORELEASING = YES;
				CLANG_WARN_BOOL_CONVERSION = YES;
				CLANG_WARN_COMMA = YES;
				CLANG_WARN_CONSTANT_CONVERSION = YES;
				CLANG_WARN_DEPRECATED_OBJC_IMPLEMENTATIONS = YES;
				CLANG_WARN_DIRECT_OBJC_ISA_USAGE = YES_ERROR;
				CLANG_WARN_DOCUMENTATION_COMMENTS = YES;
				CLANG_WARN_EMPTY_BODY = YES;
				CLANG_WARN_ENUM_CONVERSION = YES;
				CLANG_WARN_INFINITE_RECURSION = YES;
				CLANG_WARN_INT_CONVERSION = YES;
				CLANG_WARN_NON_LITERAL_NULL_CONVERSION = YES;
				CLANG_WARN_OBJC_IMPLICIT_RETAIN_SELF = YES;
				CLANG_WARN_OBJC_LITERAL_CONVERSION = YES;
				CLANG_WARN_OBJC_ROOT_CLASS = YES_ERROR;
				CLANG_WARN_RANGE_LOOP_ANALYSIS = YES;
				CLANG_WARN_STRICT_PROTOTYPES = YES;
				CLANG_WARN_SUSPICIOUS_MOVE = YES;
				CLANG_WARN_UNGUARDED_AVAILABILITY = YES_AGGRESSIVE;
				CLANG_WARN_UNREACHABLE_CODE = YES;
				CLANG_WARN__DUPLICATE_METHOD_MATCH = YES;
				CODE_SIGN_IDENTITY = "iPhone Developer";
				COPY_PHASE_STRIP = NO;
				DEBUG_INFORMATION_FORMAT = dwarf;
				ENABLE_STRICT_OBJC_MSGSEND = YES;
				ENABLE_TESTABILITY = YES;
				GCC_C_LANGUAGE_STANDARD = gnu11;
				GCC_DYNAMIC_NO_PIC = NO;
				GCC_NO_COMMON_BLOCKS = YES;
				GCC_OPTIMIZATION_LEVEL = 0;
				GCC_PREPROCESSOR_DEFINITIONS = (
					"DEBUG=1",
					"$(inherited)",
				);
				GCC_WARN_64_TO_32_BIT_CONVERSION = YES;
				GCC_WARN_ABOUT_RETURN_TYPE = YES_ERROR;
				GCC_WARN_UNDECLARED_SELECTOR = YES;
				GCC_WARN_UNINITIALIZED_AUTOS = YES_AGGRESSIVE;
				GCC_WARN_UNUSED_FUNCTION = YES;
				GCC_WARN_UNUSED_VARIABLE = YES;
				IPHONEOS_DEPLOYMENT_TARGET = 12.1;
				MTL_ENABLE_DEBUG_INFO = INCLUDE_SOURCE;
				MTL_FAST_MATH = YES;
				ONLY_ACTIVE_ARCH = YES;
				SDKROOT = iphoneos;
				SWIFT_ACTIVE_COMPILATION_CONDITIONS = DEBUG;
				SWIFT_OPTIMIZATION_LEVEL = "-Onone";
			};
			name = Debug;
		};
		D94BB06E2196B6EB005A240A /* Release */ = {
			isa = XCBuildConfiguration;
			buildSettings = {
				ALWAYS_SEARCH_USER_PATHS = NO;
				CLANG_ANALYZER_NONNULL = YES;
				CLANG_ANALYZER_NUMBER_OBJECT_CONVERSION = YES_AGGRESSIVE;
				CLANG_CXX_LANGUAGE_STANDARD = "gnu++14";
				CLANG_CXX_LIBRARY = "libc++";
				CLANG_ENABLE_MODULES = YES;
				CLANG_ENABLE_OBJC_ARC = YES;
				CLANG_ENABLE_OBJC_WEAK = YES;
				CLANG_WARN_BLOCK_CAPTURE_AUTORELEASING = YES;
				CLANG_WARN_BOOL_CONVERSION = YES;
				CLANG_WARN_COMMA = YES;
				CLANG_WARN_CONSTANT_CONVERSION = YES;
				CLANG_WARN_DEPRECATED_OBJC_IMPLEMENTATIONS = YES;
				CLANG_WARN_DIRECT_OBJC_ISA_USAGE = YES_ERROR;
				CLANG_WARN_DOCUMENTATION_COMMENTS = YES;
				CLANG_WARN_EMPTY_BODY = YES;
				CLANG_WARN_ENUM_CONVERSION = YES;
				CLANG_WARN_INFINITE_RECURSION = YES;
				CLANG_WARN_INT_CONVERSION = YES;
				CLANG_WARN_NON_LITERAL_NULL_CONVERSION = YES;
				CLANG_WARN_OBJC_IMPLICIT_RETAIN_SELF = YES;
				CLANG_WARN_OBJC_LITERAL_CONVERSION = YES;
				CLANG_WARN_OBJC_ROOT_CLASS = YES_ERROR;
				CLANG_WARN_RANGE_LOOP_ANALYSIS = YES;
				CLANG_WARN_STRICT_PROTOTYPES = YES;
				CLANG_WARN_SUSPICIOUS_MOVE = YES;
				CLANG_WARN_UNGUARDED_AVAILABILITY = YES_AGGRESSIVE;
				CLANG_WARN_UNREACHABLE_CODE = YES;
				CLANG_WARN__DUPLICATE_METHOD_MATCH = YES;
				CODE_SIGN_IDENTITY = "iPhone Developer";
				COPY_PHASE_STRIP = NO;
				DEBUG_INFORMATION_FORMAT = "dwarf-with-dsym";
				ENABLE_NS_ASSERTIONS = NO;
				ENABLE_STRICT_OBJC_MSGSEND = YES;
				GCC_C_LANGUAGE_STANDARD = gnu11;
				GCC_NO_COMMON_BLOCKS = YES;
				GCC_WARN_64_TO_32_BIT_CONVERSION = YES;
				GCC_WARN_ABOUT_RETURN_TYPE = YES_ERROR;
				GCC_WARN_UNDECLARED_SELECTOR = YES;
				GCC_WARN_UNINITIALIZED_AUTOS = YES_AGGRESSIVE;
				GCC_WARN_UNUSED_FUNCTION = YES;
				GCC_WARN_UNUSED_VARIABLE = YES;
				IPHONEOS_DEPLOYMENT_TARGET = 12.1;
				MTL_ENABLE_DEBUG_INFO = NO;
				MTL_FAST_MATH = YES;
				SDKROOT = iphoneos;
				SWIFT_COMPILATION_MODE = wholemodule;
				SWIFT_OPTIMIZATION_LEVEL = "-O";
				VALIDATE_PRODUCT = YES;
			};
			name = Release;
		};
		D94BB0702196B6EB005A240A /* Debug */ = {
			isa = XCBuildConfiguration;
			baseConfigurationReference = C863AB7167A7E9F5E8A2D180 /* Pods-mashup_ev.debug.xcconfig */;
			buildSettings = {
				ASSETCATALOG_COMPILER_APPICON_NAME = AppIcon;
				CODE_SIGN_STYLE = Automatic;
				INFOPLIST_FILE = mashup_ev/Info.plist;
				LD_RUNPATH_SEARCH_PATHS = (
					"$(inherited)",
					"@executable_path/Frameworks",
				);
				PRODUCT_BUNDLE_IDENTIFIER = "com.example.mashup-ev";
				PRODUCT_NAME = "$(TARGET_NAME)";
				SWIFT_VERSION = 4.2;
				TARGETED_DEVICE_FAMILY = "1,2";
			};
			name = Debug;
		};
		D94BB0712196B6EB005A240A /* Release */ = {
			isa = XCBuildConfiguration;
			baseConfigurationReference = 187778953E5BEED1AD54630D /* Pods-mashup_ev.release.xcconfig */;
			buildSettings = {
				ASSETCATALOG_COMPILER_APPICON_NAME = AppIcon;
				CODE_SIGN_STYLE = Automatic;
				INFOPLIST_FILE = mashup_ev/Info.plist;
				LD_RUNPATH_SEARCH_PATHS = (
					"$(inherited)",
					"@executable_path/Frameworks",
				);
				PRODUCT_BUNDLE_IDENTIFIER = "com.example.mashup-ev";
				PRODUCT_NAME = "$(TARGET_NAME)";
				SWIFT_VERSION = 4.2;
				TARGETED_DEVICE_FAMILY = "1,2";
			};
			name = Release;
		};
/* End XCBuildConfiguration section */

/* Begin XCConfigurationList section */
		D94BB0582196B6EA005A240A /* Build configuration list for PBXProject "mashup_ev" */ = {
			isa = XCConfigurationList;
			buildConfigurations = (
				D94BB06D2196B6EB005A240A /* Debug */,
				D94BB06E2196B6EB005A240A /* Release */,
			);
			defaultConfigurationIsVisible = 0;
			defaultConfigurationName = Release;
		};
		D94BB06F2196B6EB005A240A /* Build configuration list for PBXNativeTarget "mashup_ev" */ = {
			isa = XCConfigurationList;
			buildConfigurations = (
				D94BB0702196B6EB005A240A /* Debug */,
				D94BB0712196B6EB005A240A /* Release */,
			);
			defaultConfigurationIsVisible = 0;
			defaultConfigurationName = Release;
		};
/* End XCConfigurationList section */
	};
	rootObject = D94BB0552196B6EA005A240A /* Project object */;
}
